// !$*UTF8*$!
{
	archiveVersion = 1;
	classes = {
	};
	objectVersion = 48;
	objects = {

/* Begin PBXBuildFile section */
		066C84DFDF58B213258B2E3E /* Pods_DataVizTests.framework in Frameworks */ = {isa = PBXBuildFile; fileRef = 246DA7E2647A79598F90F5DB /* Pods_DataVizTests.framework */; };
		4466242B203B2500004331D1 /* AppDelegate.swift in Sources */ = {isa = PBXBuildFile; fileRef = 4466242A203B2500004331D1 /* AppDelegate.swift */; };
		4466242D203B2500004331D1 /* ViewController.swift in Sources */ = {isa = PBXBuildFile; fileRef = 4466242C203B2500004331D1 /* ViewController.swift */; };
		44662430203B2500004331D1 /* Main.storyboard in Resources */ = {isa = PBXBuildFile; fileRef = 4466242E203B2500004331D1 /* Main.storyboard */; };
		44662433203B2500004331D1 /* DataViz.xcdatamodeld in Sources */ = {isa = PBXBuildFile; fileRef = 44662431203B2500004331D1 /* DataViz.xcdatamodeld */; };
		44662435203B2500004331D1 /* Assets.xcassets in Resources */ = {isa = PBXBuildFile; fileRef = 44662434203B2500004331D1 /* Assets.xcassets */; };
		44662438203B2500004331D1 /* LaunchScreen.storyboard in Resources */ = {isa = PBXBuildFile; fileRef = 44662436203B2500004331D1 /* LaunchScreen.storyboard */; };
		44662443203B2500004331D1 /* DataVizTests.swift in Sources */ = {isa = PBXBuildFile; fileRef = 44662442203B2500004331D1 /* DataVizTests.swift */; };
		44662465203B2D7B004331D1 /* Storyboard.swift in Sources */ = {isa = PBXBuildFile; fileRef = 44662464203B2D7B004331D1 /* Storyboard.swift */; };
		44662467203B2DB3004331D1 /* UIViewController+Storyboard.swift in Sources */ = {isa = PBXBuildFile; fileRef = 44662466203B2DB3004331D1 /* UIViewController+Storyboard.swift */; };
		44662469203B2EBF004331D1 /* Development-Config.plist in Resources */ = {isa = PBXBuildFile; fileRef = 44662468203B2EBF004331D1 /* Development-Config.plist */; };
		4466246B203B2ED2004331D1 /* Production-Config.plist in Resources */ = {isa = PBXBuildFile; fileRef = 4466246A203B2ED2004331D1 /* Production-Config.plist */; };
		83D515B3EAB8C6136B7C8227 /* Pods_DataViz.framework in Frameworks */ = {isa = PBXBuildFile; fileRef = EB8C1D6084D811887AC30805 /* Pods_DataViz.framework */; };
/* End PBXBuildFile section */

/* Begin PBXContainerItemProxy section */
		4466243F203B2500004331D1 /* PBXContainerItemProxy */ = {
			isa = PBXContainerItemProxy;
			containerPortal = 4466241F203B2500004331D1 /* Project object */;
			proxyType = 1;
			remoteGlobalIDString = 44662426203B2500004331D1;
			remoteInfo = DataViz;
		};
/* End PBXContainerItemProxy section */

/* Begin PBXFileReference section */
		246DA7E2647A79598F90F5DB /* Pods_DataVizTests.framework */ = {isa = PBXFileReference; explicitFileType = wrapper.framework; includeInIndex = 0; path = Pods_DataVizTests.framework; sourceTree = BUILT_PRODUCTS_DIR; };
		44662427203B2500004331D1 /* DataViz.app */ = {isa = PBXFileReference; explicitFileType = wrapper.application; includeInIndex = 0; path = DataViz.app; sourceTree = BUILT_PRODUCTS_DIR; };
		4466242A203B2500004331D1 /* AppDelegate.swift */ = {isa = PBXFileReference; lastKnownFileType = sourcecode.swift; path = AppDelegate.swift; sourceTree = "<group>"; };
		4466242C203B2500004331D1 /* ViewController.swift */ = {isa = PBXFileReference; lastKnownFileType = sourcecode.swift; path = ViewController.swift; sourceTree = "<group>"; };
		4466242F203B2500004331D1 /* Base */ = {isa = PBXFileReference; lastKnownFileType = file.storyboard; name = Base; path = Base.lproj/Main.storyboard; sourceTree = "<group>"; };
		44662432203B2500004331D1 /* DataViz.xcdatamodel */ = {isa = PBXFileReference; lastKnownFileType = wrapper.xcdatamodel; path = DataViz.xcdatamodel; sourceTree = "<group>"; };
		44662434203B2500004331D1 /* Assets.xcassets */ = {isa = PBXFileReference; lastKnownFileType = folder.assetcatalog; path = Assets.xcassets; sourceTree = "<group>"; };
		44662437203B2500004331D1 /* Base */ = {isa = PBXFileReference; lastKnownFileType = file.storyboard; name = Base; path = Base.lproj/LaunchScreen.storyboard; sourceTree = "<group>"; };
		44662439203B2500004331D1 /* Info.plist */ = {isa = PBXFileReference; lastKnownFileType = text.plist.xml; path = Info.plist; sourceTree = "<group>"; };
		4466243E203B2500004331D1 /* DataVizTests.xctest */ = {isa = PBXFileReference; explicitFileType = wrapper.cfbundle; includeInIndex = 0; path = DataVizTests.xctest; sourceTree = BUILT_PRODUCTS_DIR; };
		44662442203B2500004331D1 /* DataVizTests.swift */ = {isa = PBXFileReference; lastKnownFileType = sourcecode.swift; path = DataVizTests.swift; sourceTree = "<group>"; };
		44662444203B2500004331D1 /* Info.plist */ = {isa = PBXFileReference; lastKnownFileType = text.plist.xml; path = Info.plist; sourceTree = "<group>"; };
		44662464203B2D7B004331D1 /* Storyboard.swift */ = {isa = PBXFileReference; lastKnownFileType = sourcecode.swift; path = Storyboard.swift; sourceTree = "<group>"; };
		44662466203B2DB3004331D1 /* UIViewController+Storyboard.swift */ = {isa = PBXFileReference; lastKnownFileType = sourcecode.swift; path = "UIViewController+Storyboard.swift"; sourceTree = "<group>"; };
		44662468203B2EBF004331D1 /* Development-Config.plist */ = {isa = PBXFileReference; lastKnownFileType = text.plist.xml; path = "Development-Config.plist"; sourceTree = "<group>"; };
		4466246A203B2ED2004331D1 /* Production-Config.plist */ = {isa = PBXFileReference; lastKnownFileType = text.plist.xml; path = "Production-Config.plist"; sourceTree = "<group>"; };
		60500BC6F8C3B8F7693AECC0 /* Pods-DataVizTests.debug.xcconfig */ = {isa = PBXFileReference; includeInIndex = 1; lastKnownFileType = text.xcconfig; name = "Pods-DataVizTests.debug.xcconfig"; path = "Pods/Target Support Files/Pods-DataVizTests/Pods-DataVizTests.debug.xcconfig"; sourceTree = "<group>"; };
		8D7FDF077B11FD04514B03FC /* Pods-DataViz.release.xcconfig */ = {isa = PBXFileReference; includeInIndex = 1; lastKnownFileType = text.xcconfig; name = "Pods-DataViz.release.xcconfig"; path = "Pods/Target Support Files/Pods-DataViz/Pods-DataViz.release.xcconfig"; sourceTree = "<group>"; };
		B95E0B467B9B71298665F568 /* Pods-DataViz.debug.xcconfig */ = {isa = PBXFileReference; includeInIndex = 1; lastKnownFileType = text.xcconfig; name = "Pods-DataViz.debug.xcconfig"; path = "Pods/Target Support Files/Pods-DataViz/Pods-DataViz.debug.xcconfig"; sourceTree = "<group>"; };
		EB8C1D6084D811887AC30805 /* Pods_DataViz.framework */ = {isa = PBXFileReference; explicitFileType = wrapper.framework; includeInIndex = 0; path = Pods_DataViz.framework; sourceTree = BUILT_PRODUCTS_DIR; };
		F92BECCD915589BFC1940641 /* Pods-DataVizTests.release.xcconfig */ = {isa = PBXFileReference; includeInIndex = 1; lastKnownFileType = text.xcconfig; name = "Pods-DataVizTests.release.xcconfig"; path = "Pods/Target Support Files/Pods-DataVizTests/Pods-DataVizTests.release.xcconfig"; sourceTree = "<group>"; };
/* End PBXFileReference section */

/* Begin PBXFrameworksBuildPhase section */
		44662424203B2500004331D1 /* Frameworks */ = {
			isa = PBXFrameworksBuildPhase;
			buildActionMask = 2147483647;
			files = (
				83D515B3EAB8C6136B7C8227 /* Pods_DataViz.framework in Frameworks */,
			);
			runOnlyForDeploymentPostprocessing = 0;
		};
		4466243B203B2500004331D1 /* Frameworks */ = {
			isa = PBXFrameworksBuildPhase;
			buildActionMask = 2147483647;
			files = (
				066C84DFDF58B213258B2E3E /* Pods_DataVizTests.framework in Frameworks */,
			);
			runOnlyForDeploymentPostprocessing = 0;
		};
/* End PBXFrameworksBuildPhase section */

/* Begin PBXGroup section */
		08FAAC85A01E4E75F085779A /* Pods */ = {
			isa = PBXGroup;
			children = (
				B95E0B467B9B71298665F568 /* Pods-DataViz.debug.xcconfig */,
				8D7FDF077B11FD04514B03FC /* Pods-DataViz.release.xcconfig */,
				60500BC6F8C3B8F7693AECC0 /* Pods-DataVizTests.debug.xcconfig */,
				F92BECCD915589BFC1940641 /* Pods-DataVizTests.release.xcconfig */,
			);
			name = Pods;
			sourceTree = "<group>";
		};
		4466241E203B2500004331D1 = {
			isa = PBXGroup;
			children = (
				44662429203B2500004331D1 /* DataViz */,
				44662441203B2500004331D1 /* Tests */,
				44662428203B2500004331D1 /* Products */,
				08FAAC85A01E4E75F085779A /* Pods */,
				FF14CBBE991DEBA81EA71B73 /* Frameworks */,
			);
			sourceTree = "<group>";
		};
		44662428203B2500004331D1 /* Products */ = {
			isa = PBXGroup;
			children = (
				44662427203B2500004331D1 /* DataViz.app */,
				4466243E203B2500004331D1 /* DataVizTests.xctest */,
			);
			name = Products;
			sourceTree = "<group>";
		};
		44662429203B2500004331D1 /* DataViz */ = {
			isa = PBXGroup;
			children = (
				4466245B203B2580004331D1 /* Code */,
				4466245C203B2581004331D1 /* Resources */,
				44662439203B2500004331D1 /* Info.plist */,
				44662431203B2500004331D1 /* DataViz.xcdatamodeld */,
			);
			path = DataViz;
			sourceTree = "<group>";
		};
		44662441203B2500004331D1 /* Tests */ = {
			isa = PBXGroup;
			children = (
				44662442203B2500004331D1 /* DataVizTests.swift */,
				44662444203B2500004331D1 /* Info.plist */,
			);
			path = Tests;
			sourceTree = "<group>";
		};
		4466245B203B2580004331D1 /* Code */ = {
			isa = PBXGroup;
			children = (
				4466242A203B2500004331D1 /* AppDelegate.swift */,
				44662461203B273D004331D1 /* Context */,
				4466245E203B273D004331D1 /* Flow */,
				44662460203B273D004331D1 /* Data Layer */,
				4466245D203B273D004331D1 /* Presentation Layer */,
				4466245F203B273D004331D1 /* Service Layer */,
			);
			path = Code;
			sourceTree = "<group>";
		};
		4466245C203B2581004331D1 /* Resources */ = {
			isa = PBXGroup;
			children = (
				44662463203B2D65004331D1 /* Configurations */,
				44662462203B2781004331D1 /* Storyboards */,
				44662434203B2500004331D1 /* Assets.xcassets */,
			);
			path = Resources;
			sourceTree = "<group>";
		};
		4466245D203B273D004331D1 /* Presentation Layer */ = {
			isa = PBXGroup;
			children = (
				4466242C203B2500004331D1 /* ViewController.swift */,
			);
			path = "Presentation Layer";
			sourceTree = "<group>";
		};
		4466245E203B273D004331D1 /* Flow */ = {
			isa = PBXGroup;
			children = (
			);
			path = Flow;
			sourceTree = "<group>";
		};
		4466245F203B273D004331D1 /* Service Layer */ = {
			isa = PBXGroup;
			children = (
			);
			path = "Service Layer";
			sourceTree = "<group>";
		};
		44662460203B273D004331D1 /* Data Layer */ = {
			isa = PBXGroup;
			children = (
			);
			path = "Data Layer";
			sourceTree = "<group>";
		};
		44662461203B273D004331D1 /* Context */ = {
			isa = PBXGroup;
			children = (
			);
			path = Context;
			sourceTree = "<group>";
		};
		44662462203B2781004331D1 /* Storyboards */ = {
			isa = PBXGroup;
			children = (
				4466242E203B2500004331D1 /* Main.storyboard */,
				44662436203B2500004331D1 /* LaunchScreen.storyboard */,
				44662464203B2D7B004331D1 /* Storyboard.swift */,
				44662466203B2DB3004331D1 /* UIViewController+Storyboard.swift */,
			);
			path = Storyboards;
			sourceTree = "<group>";
		};
		44662463203B2D65004331D1 /* Configurations */ = {
			isa = PBXGroup;
			children = (
				44662468203B2EBF004331D1 /* Development-Config.plist */,
				4466246A203B2ED2004331D1 /* Production-Config.plist */,
			);
			path = Configurations;
			sourceTree = "<group>";
		};
		FF14CBBE991DEBA81EA71B73 /* Frameworks */ = {
			isa = PBXGroup;
			children = (
				EB8C1D6084D811887AC30805 /* Pods_DataViz.framework */,
				246DA7E2647A79598F90F5DB /* Pods_DataVizTests.framework */,
			);
			name = Frameworks;
			sourceTree = "<group>";
		};
/* End PBXGroup section */

/* Begin PBXNativeTarget section */
		44662426203B2500004331D1 /* DataViz */ = {
			isa = PBXNativeTarget;
			buildConfigurationList = 44662452203B2500004331D1 /* Build configuration list for PBXNativeTarget "DataViz" */;
			buildPhases = (
				88F5BA3E8FD4C1FADFF36068 /* [CP] Check Pods Manifest.lock */,
				44662423203B2500004331D1 /* Sources */,
				44662424203B2500004331D1 /* Frameworks */,
				44662425203B2500004331D1 /* Resources */,
				8B6DE837019085533160CF9C /* [CP] Embed Pods Frameworks */,
				04494B005D7173C845EA12CC /* [CP] Copy Pods Resources */,
			);
			buildRules = (
			);
			dependencies = (
			);
			name = DataViz;
			productName = DataViz;
			productReference = 44662427203B2500004331D1 /* DataViz.app */;
			productType = "com.apple.product-type.application";
		};
		4466243D203B2500004331D1 /* DataVizTests */ = {
			isa = PBXNativeTarget;
			buildConfigurationList = 44662455203B2500004331D1 /* Build configuration list for PBXNativeTarget "DataVizTests" */;
			buildPhases = (
				67756989CEA4D5AA168D3520 /* [CP] Check Pods Manifest.lock */,
				4466243A203B2500004331D1 /* Sources */,
				4466243B203B2500004331D1 /* Frameworks */,
				4466243C203B2500004331D1 /* Resources */,
				6597C255C81497F04CD7BFF9 /* [CP] Embed Pods Frameworks */,
				4A4DE01F6FE81E4B99674EF3 /* [CP] Copy Pods Resources */,
			);
			buildRules = (
			);
			dependencies = (
				44662440203B2500004331D1 /* PBXTargetDependency */,
			);
			name = DataVizTests;
			productName = DataVizTests;
			productReference = 4466243E203B2500004331D1 /* DataVizTests.xctest */;
			productType = "com.apple.product-type.bundle.unit-test";
		};
/* End PBXNativeTarget section */

/* Begin PBXProject section */
		4466241F203B2500004331D1 /* Project object */ = {
			isa = PBXProject;
			attributes = {
				LastSwiftUpdateCheck = 0920;
				LastUpgradeCheck = 0920;
				ORGANIZATIONNAME = "Eugene Tulusha";
				TargetAttributes = {
					44662426203B2500004331D1 = {
						CreatedOnToolsVersion = 9.2;
						ProvisioningStyle = Automatic;
					};
					4466243D203B2500004331D1 = {
						CreatedOnToolsVersion = 9.2;
						ProvisioningStyle = Automatic;
						TestTargetID = 44662426203B2500004331D1;
					};
				};
			};
			buildConfigurationList = 44662422203B2500004331D1 /* Build configuration list for PBXProject "DataViz" */;
			compatibilityVersion = "Xcode 8.0";
			developmentRegion = en;
			hasScannedForEncodings = 0;
			knownRegions = (
				en,
				Base,
			);
			mainGroup = 4466241E203B2500004331D1;
			productRefGroup = 44662428203B2500004331D1 /* Products */;
			projectDirPath = "";
			projectRoot = "";
			targets = (
				44662426203B2500004331D1 /* DataViz */,
				4466243D203B2500004331D1 /* DataVizTests */,
			);
		};
/* End PBXProject section */

/* Begin PBXResourcesBuildPhase section */
		44662425203B2500004331D1 /* Resources */ = {
			isa = PBXResourcesBuildPhase;
			buildActionMask = 2147483647;
			files = (
				44662469203B2EBF004331D1 /* Development-Config.plist in Resources */,
				44662438203B2500004331D1 /* LaunchScreen.storyboard in Resources */,
				44662435203B2500004331D1 /* Assets.xcassets in Resources */,
				44662430203B2500004331D1 /* Main.storyboard in Resources */,
				4466246B203B2ED2004331D1 /* Production-Config.plist in Resources */,
			);
			runOnlyForDeploymentPostprocessing = 0;
		};
		4466243C203B2500004331D1 /* Resources */ = {
			isa = PBXResourcesBuildPhase;
			buildActionMask = 2147483647;
			files = (
			);
			runOnlyForDeploymentPostprocessing = 0;
		};
/* End PBXResourcesBuildPhase section */

/* Begin PBXShellScriptBuildPhase section */
		04494B005D7173C845EA12CC /* [CP] Copy Pods Resources */ = {
			isa = PBXShellScriptBuildPhase;
			buildActionMask = 2147483647;
			files = (
			);
			inputPaths = (
			);
			name = "[CP] Copy Pods Resources";
			outputPaths = (
			);
			runOnlyForDeploymentPostprocessing = 0;
			shellPath = /bin/sh;
			shellScript = "\"${SRCROOT}/Pods/Target Support Files/Pods-DataViz/Pods-DataViz-resources.sh\"\n";
			showEnvVarsInLog = 0;
		};
		4A4DE01F6FE81E4B99674EF3 /* [CP] Copy Pods Resources */ = {
			isa = PBXShellScriptBuildPhase;
			buildActionMask = 2147483647;
			files = (
			);
			inputPaths = (
			);
			name = "[CP] Copy Pods Resources";
			outputPaths = (
			);
			runOnlyForDeploymentPostprocessing = 0;
			shellPath = /bin/sh;
			shellScript = "\"${SRCROOT}/Pods/Target Support Files/Pods-DataVizTests/Pods-DataVizTests-resources.sh\"\n";
			showEnvVarsInLog = 0;
		};
		6597C255C81497F04CD7BFF9 /* [CP] Embed Pods Frameworks */ = {
			isa = PBXShellScriptBuildPhase;
			buildActionMask = 2147483647;
			files = (
			);
			inputPaths = (
				"${SRCROOT}/Pods/Target Support Files/Pods-DataVizTests/Pods-DataVizTests-frameworks.sh",
				"${BUILT_PRODUCTS_DIR}/RxCocoa/RxCocoa.framework",
				"${BUILT_PRODUCTS_DIR}/RxDataSources/RxDataSources.framework",
				"${BUILT_PRODUCTS_DIR}/RxSwift/RxSwift.framework",
			);
			name = "[CP] Embed Pods Frameworks";
			outputPaths = (
				"${TARGET_BUILD_DIR}/${FRAMEWORKS_FOLDER_PATH}/RxCocoa.framework",
				"${TARGET_BUILD_DIR}/${FRAMEWORKS_FOLDER_PATH}/RxDataSources.framework",
				"${TARGET_BUILD_DIR}/${FRAMEWORKS_FOLDER_PATH}/RxSwift.framework",
			);
			runOnlyForDeploymentPostprocessing = 0;
			shellPath = /bin/sh;
			shellScript = "\"${SRCROOT}/Pods/Target Support Files/Pods-DataVizTests/Pods-DataVizTests-frameworks.sh\"\n";
			showEnvVarsInLog = 0;
		};
		67756989CEA4D5AA168D3520 /* [CP] Check Pods Manifest.lock */ = {
			isa = PBXShellScriptBuildPhase;
			buildActionMask = 2147483647;
			files = (
			);
			inputPaths = (
				"${PODS_PODFILE_DIR_PATH}/Podfile.lock",
				"${PODS_ROOT}/Manifest.lock",
			);
			name = "[CP] Check Pods Manifest.lock";
			outputPaths = (
				"$(DERIVED_FILE_DIR)/Pods-DataVizTests-checkManifestLockResult.txt",
			);
			runOnlyForDeploymentPostprocessing = 0;
			shellPath = /bin/sh;
			shellScript = "diff \"${PODS_PODFILE_DIR_PATH}/Podfile.lock\" \"${PODS_ROOT}/Manifest.lock\" > /dev/null\nif [ $? != 0 ] ; then\n    # print error to STDERR\n    echo \"error: The sandbox is not in sync with the Podfile.lock. Run 'pod install' or update your CocoaPods installation.\" >&2\n    exit 1\nfi\n# This output is used by Xcode 'outputs' to avoid re-running this script phase.\necho \"SUCCESS\" > \"${SCRIPT_OUTPUT_FILE_0}\"\n";
			showEnvVarsInLog = 0;
		};
		88F5BA3E8FD4C1FADFF36068 /* [CP] Check Pods Manifest.lock */ = {
			isa = PBXShellScriptBuildPhase;
			buildActionMask = 2147483647;
			files = (
			);
			inputPaths = (
				"${PODS_PODFILE_DIR_PATH}/Podfile.lock",
				"${PODS_ROOT}/Manifest.lock",
			);
			name = "[CP] Check Pods Manifest.lock";
			outputPaths = (
				"$(DERIVED_FILE_DIR)/Pods-DataViz-checkManifestLockResult.txt",
			);
			runOnlyForDeploymentPostprocessing = 0;
			shellPath = /bin/sh;
			shellScript = "diff \"${PODS_PODFILE_DIR_PATH}/Podfile.lock\" \"${PODS_ROOT}/Manifest.lock\" > /dev/null\nif [ $? != 0 ] ; then\n    # print error to STDERR\n    echo \"error: The sandbox is not in sync with the Podfile.lock. Run 'pod install' or update your CocoaPods installation.\" >&2\n    exit 1\nfi\n# This output is used by Xcode 'outputs' to avoid re-running this script phase.\necho \"SUCCESS\" > \"${SCRIPT_OUTPUT_FILE_0}\"\n";
			showEnvVarsInLog = 0;
		};
		8B6DE837019085533160CF9C /* [CP] Embed Pods Frameworks */ = {
			isa = PBXShellScriptBuildPhase;
			buildActionMask = 2147483647;
			files = (
			);
			inputPaths = (
				"${SRCROOT}/Pods/Target Support Files/Pods-DataViz/Pods-DataViz-frameworks.sh",
				"${BUILT_PRODUCTS_DIR}/RxCocoa/RxCocoa.framework",
				"${BUILT_PRODUCTS_DIR}/RxDataSources/RxDataSources.framework",
				"${BUILT_PRODUCTS_DIR}/RxSwift/RxSwift.framework",
			);
			name = "[CP] Embed Pods Frameworks";
			outputPaths = (
				"${TARGET_BUILD_DIR}/${FRAMEWORKS_FOLDER_PATH}/RxCocoa.framework",
				"${TARGET_BUILD_DIR}/${FRAMEWORKS_FOLDER_PATH}/RxDataSources.framework",
				"${TARGET_BUILD_DIR}/${FRAMEWORKS_FOLDER_PATH}/RxSwift.framework",
			);
			runOnlyForDeploymentPostprocessing = 0;
			shellPath = /bin/sh;
			shellScript = "\"${SRCROOT}/Pods/Target Support Files/Pods-DataViz/Pods-DataViz-frameworks.sh\"\n";
			showEnvVarsInLog = 0;
		};
/* End PBXShellScriptBuildPhase section */

/* Begin PBXSourcesBuildPhase section */
		44662423203B2500004331D1 /* Sources */ = {
			isa = PBXSourcesBuildPhase;
			buildActionMask = 2147483647;
			files = (
				44662465203B2D7B004331D1 /* Storyboard.swift in Sources */,
				4466242D203B2500004331D1 /* ViewController.swift in Sources */,
				4466242B203B2500004331D1 /* AppDelegate.swift in Sources */,
				44662467203B2DB3004331D1 /* UIViewController+Storyboard.swift in Sources */,
				44662433203B2500004331D1 /* DataViz.xcdatamodeld in Sources */,
			);
			runOnlyForDeploymentPostprocessing = 0;
		};
		4466243A203B2500004331D1 /* Sources */ = {
			isa = PBXSourcesBuildPhase;
			buildActionMask = 2147483647;
			files = (
				44662443203B2500004331D1 /* DataVizTests.swift in Sources */,
			);
			runOnlyForDeploymentPostprocessing = 0;
		};
/* End PBXSourcesBuildPhase section */

/* Begin PBXTargetDependency section */
		44662440203B2500004331D1 /* PBXTargetDependency */ = {
			isa = PBXTargetDependency;
			target = 44662426203B2500004331D1 /* DataViz */;
			targetProxy = 4466243F203B2500004331D1 /* PBXContainerItemProxy */;
		};
/* End PBXTargetDependency section */

/* Begin PBXVariantGroup section */
		4466242E203B2500004331D1 /* Main.storyboard */ = {
			isa = PBXVariantGroup;
			children = (
				4466242F203B2500004331D1 /* Base */,
			);
			name = Main.storyboard;
			sourceTree = "<group>";
		};
		44662436203B2500004331D1 /* LaunchScreen.storyboard */ = {
			isa = PBXVariantGroup;
			children = (
				44662437203B2500004331D1 /* Base */,
			);
			name = LaunchScreen.storyboard;
			sourceTree = "<group>";
		};
/* End PBXVariantGroup section */

/* Begin XCBuildConfiguration section */
		44662450203B2500004331D1 /* Debug */ = {
			isa = XCBuildConfiguration;
			buildSettings = {
				ALWAYS_SEARCH_USER_PATHS = NO;
				CLANG_ANALYZER_NONNULL = YES;
				CLANG_ANALYZER_NUMBER_OBJECT_CONVERSION = YES_AGGRESSIVE;
				CLANG_CXX_LANGUAGE_STANDARD = "gnu++14";
				CLANG_CXX_LIBRARY = "libc++";
				CLANG_ENABLE_MODULES = YES;
				CLANG_ENABLE_OBJC_ARC = YES;
				CLANG_WARN_BLOCK_CAPTURE_AUTORELEASING = YES;
				CLANG_WARN_BOOL_CONVERSION = YES;
				CLANG_WARN_COMMA = YES;
				CLANG_WARN_CONSTANT_CONVERSION = YES;
				CLANG_WARN_DIRECT_OBJC_ISA_USAGE = YES_ERROR;
				CLANG_WARN_DOCUMENTATION_COMMENTS = YES;
				CLANG_WARN_EMPTY_BODY = YES;
				CLANG_WARN_ENUM_CONVERSION = YES;
				CLANG_WARN_INFINITE_RECURSION = YES;
				CLANG_WARN_INT_CONVERSION = YES;
				CLANG_WARN_NON_LITERAL_NULL_CONVERSION = YES;
				CLANG_WARN_OBJC_LITERAL_CONVERSION = YES;
				CLANG_WARN_OBJC_ROOT_CLASS = YES_ERROR;
				CLANG_WARN_RANGE_LOOP_ANALYSIS = YES;
				CLANG_WARN_STRICT_PROTOTYPES = YES;
				CLANG_WARN_SUSPICIOUS_MOVE = YES;
				CLANG_WARN_UNGUARDED_AVAILABILITY = YES_AGGRESSIVE;
				CLANG_WARN_UNREACHABLE_CODE = YES;
				CLANG_WARN__DUPLICATE_METHOD_MATCH = YES;
				CODE_SIGN_IDENTITY = "iPhone Developer";
				COPY_PHASE_STRIP = NO;
				DEBUG_INFORMATION_FORMAT = dwarf;
				ENABLE_STRICT_OBJC_MSGSEND = YES;
				ENABLE_TESTABILITY = YES;
				GCC_C_LANGUAGE_STANDARD = gnu11;
				GCC_DYNAMIC_NO_PIC = NO;
				GCC_NO_COMMON_BLOCKS = YES;
				GCC_OPTIMIZATION_LEVEL = 0;
				GCC_PREPROCESSOR_DEFINITIONS = (
					"DEBUG=1",
					"$(inherited)",
				);
				GCC_WARN_64_TO_32_BIT_CONVERSION = YES;
				GCC_WARN_ABOUT_RETURN_TYPE = YES_ERROR;
				GCC_WARN_UNDECLARED_SELECTOR = YES;
				GCC_WARN_UNINITIALIZED_AUTOS = YES_AGGRESSIVE;
				GCC_WARN_UNUSED_FUNCTION = YES;
				GCC_WARN_UNUSED_VARIABLE = YES;
				IPHONEOS_DEPLOYMENT_TARGET = 11.2;
				MTL_ENABLE_DEBUG_INFO = YES;
				ONLY_ACTIVE_ARCH = YES;
				SDKROOT = iphoneos;
				SWIFT_ACTIVE_COMPILATION_CONDITIONS = DEBUG;
				SWIFT_OPTIMIZATION_LEVEL = "-Onone";
			};
			name = Debug;
		};
		44662451203B2500004331D1 /* Release */ = {
			isa = XCBuildConfiguration;
			buildSettings = {
				ALWAYS_SEARCH_USER_PATHS = NO;
				CLANG_ANALYZER_NONNULL = YES;
				CLANG_ANALYZER_NUMBER_OBJECT_CONVERSION = YES_AGGRESSIVE;
				CLANG_CXX_LANGUAGE_STANDARD = "gnu++14";
				CLANG_CXX_LIBRARY = "libc++";
				CLANG_ENABLE_MODULES = YES;
				CLANG_ENABLE_OBJC_ARC = YES;
				CLANG_WARN_BLOCK_CAPTURE_AUTORELEASING = YES;
				CLANG_WARN_BOOL_CONVERSION = YES;
				CLANG_WARN_COMMA = YES;
				CLANG_WARN_CONSTANT_CONVERSION = YES;
				CLANG_WARN_DIRECT_OBJC_ISA_USAGE = YES_ERROR;
				CLANG_WARN_DOCUMENTATION_COMMENTS = YES;
				CLANG_WARN_EMPTY_BODY = YES;
				CLANG_WARN_ENUM_CONVERSION = YES;
				CLANG_WARN_INFINITE_RECURSION = YES;
				CLANG_WARN_INT_CONVERSION = YES;
				CLANG_WARN_NON_LITERAL_NULL_CONVERSION = YES;
				CLANG_WARN_OBJC_LITERAL_CONVERSION = YES;
				CLANG_WARN_OBJC_ROOT_CLASS = YES_ERROR;
				CLANG_WARN_RANGE_LOOP_ANALYSIS = YES;
				CLANG_WARN_STRICT_PROTOTYPES = YES;
				CLANG_WARN_SUSPICIOUS_MOVE = YES;
				CLANG_WARN_UNGUARDED_AVAILABILITY = YES_AGGRESSIVE;
				CLANG_WARN_UNREACHABLE_CODE = YES;
				CLANG_WARN__DUPLICATE_METHOD_MATCH = YES;
				CODE_SIGN_IDENTITY = "iPhone Developer";
				COPY_PHASE_STRIP = NO;
				DEBUG_INFORMATION_FORMAT = "dwarf-with-dsym";
				ENABLE_NS_ASSERTIONS = NO;
				ENABLE_STRICT_OBJC_MSGSEND = YES;
				GCC_C_LANGUAGE_STANDARD = gnu11;
				GCC_NO_COMMON_BLOCKS = YES;
				GCC_WARN_64_TO_32_BIT_CONVERSION = YES;
				GCC_WARN_ABOUT_RETURN_TYPE = YES_ERROR;
				GCC_WARN_UNDECLARED_SELECTOR = YES;
				GCC_WARN_UNINITIALIZED_AUTOS = YES_AGGRESSIVE;
				GCC_WARN_UNUSED_FUNCTION = YES;
				GCC_WARN_UNUSED_VARIABLE = YES;
				IPHONEOS_DEPLOYMENT_TARGET = 11.2;
				MTL_ENABLE_DEBUG_INFO = NO;
				SDKROOT = iphoneos;
				SWIFT_OPTIMIZATION_LEVEL = "-Owholemodule";
				VALIDATE_PRODUCT = YES;
			};
			name = Release;
		};
		44662453203B2500004331D1 /* Debug */ = {
			isa = XCBuildConfiguration;
			baseConfigurationReference = B95E0B467B9B71298665F568 /* Pods-DataViz.debug.xcconfig */;
			buildSettings = {
				ASSETCATALOG_COMPILER_APPICON_NAME = AppIcon;
				CODE_SIGN_STYLE = Automatic;
				DEVELOPMENT_TEAM = 9DB8872T2A;
				INFOPLIST_FILE = DataViz/Info.plist;
				IPHONEOS_DEPLOYMENT_TARGET = 10.0;
				LD_RUNPATH_SEARCH_PATHS = "$(inherited) @executable_path/Frameworks";
				PRODUCT_BUNDLE_IDENTIFIER = com.tulusha.DataViz;
				PRODUCT_NAME = "$(TARGET_NAME)";
				SWIFT_VERSION = 4.0;
				TARGETED_DEVICE_FAMILY = "1,2";
			};
			name = Debug;
		};
		44662454203B2500004331D1 /* Release */ = {
			isa = XCBuildConfiguration;
			baseConfigurationReference = 8D7FDF077B11FD04514B03FC /* Pods-DataViz.release.xcconfig */;
			buildSettings = {
				ASSETCATALOG_COMPILER_APPICON_NAME = AppIcon;
				CODE_SIGN_STYLE = Automatic;
				DEVELOPMENT_TEAM = 9DB8872T2A;
				INFOPLIST_FILE = DataViz/Info.plist;
				IPHONEOS_DEPLOYMENT_TARGET = 10.0;
				LD_RUNPATH_SEARCH_PATHS = "$(inherited) @executable_path/Frameworks";
				PRODUCT_BUNDLE_IDENTIFIER = com.tulusha.DataViz;
				PRODUCT_NAME = "$(TARGET_NAME)";
				SWIFT_VERSION = 4.0;
				TARGETED_DEVICE_FAMILY = "1,2";
			};
			name = Release;
		};
		44662456203B2500004331D1 /* Debug */ = {
			isa = XCBuildConfiguration;
			baseConfigurationReference = 60500BC6F8C3B8F7693AECC0 /* Pods-DataVizTests.debug.xcconfig */;
			buildSettings = {
				BUNDLE_LOADER = "$(TEST_HOST)";
				CODE_SIGN_STYLE = Automatic;
				DEVELOPMENT_TEAM = 9DB8872T2A;
				INFOPLIST_FILE = DataVizTests/Info.plist;
				LD_RUNPATH_SEARCH_PATHS = "$(inherited) @executable_path/Frameworks @loader_path/Frameworks";
				PRODUCT_BUNDLE_IDENTIFIER = com.tulusha.DataVizTests;
				PRODUCT_NAME = "$(TARGET_NAME)";
				SWIFT_VERSION = 4.0;
				TARGETED_DEVICE_FAMILY = "1,2";
				TEST_HOST = "$(BUILT_PRODUCTS_DIR)/DataViz.app/DataViz";
			};
			name = Debug;
		};
		44662457203B2500004331D1 /* Release */ = {
			isa = XCBuildConfiguration;
			baseConfigurationReference = F92BECCD915589BFC1940641 /* Pods-DataVizTests.release.xcconfig */;
			buildSettings = {
				BUNDLE_LOADER = "$(TEST_HOST)";
				CODE_SIGN_STYLE = Automatic;
				DEVELOPMENT_TEAM = 9DB8872T2A;
				INFOPLIST_FILE = DataVizTests/Info.plist;
				LD_RUNPATH_SEARCH_PATHS = "$(inherited) @executable_path/Frameworks @loader_path/Frameworks";
				PRODUCT_BUNDLE_IDENTIFIER = com.tulusha.DataVizTests;
				PRODUCT_NAME = "$(TARGET_NAME)";
				SWIFT_VERSION = 4.0;
				TARGETED_DEVICE_FAMILY = "1,2";
				TEST_HOST = "$(BUILT_PRODUCTS_DIR)/DataViz.app/DataViz";
			};
			name = Release;
		};
/* End XCBuildConfiguration section */

/* Begin XCConfigurationList section */
		44662422203B2500004331D1 /* Build configuration list for PBXProject "DataViz" */ = {
			isa = XCConfigurationList;
			buildConfigurations = (
				44662450203B2500004331D1 /* Debug */,
				44662451203B2500004331D1 /* Release */,
			);
			defaultConfigurationIsVisible = 0;
			defaultConfigurationName = Release;
		};
		44662452203B2500004331D1 /* Build configuration list for PBXNativeTarget "DataViz" */ = {
			isa = XCConfigurationList;
			buildConfigurations = (
				44662453203B2500004331D1 /* Debug */,
				44662454203B2500004331D1 /* Release */,
			);
			defaultConfigurationIsVisible = 0;
			defaultConfigurationName = Release;
		};
		44662455203B2500004331D1 /* Build configuration list for PBXNativeTarget "DataVizTests" */ = {
			isa = XCConfigurationList;
			buildConfigurations = (
				44662456203B2500004331D1 /* Debug */,
				44662457203B2500004331D1 /* Release */,
			);
			defaultConfigurationIsVisible = 0;
			defaultConfigurationName = Release;
		};
/* End XCConfigurationList section */

/* Begin XCVersionGroup section */
		44662431203B2500004331D1 /* DataViz.xcdatamodeld */ = {
			isa = XCVersionGroup;
			children = (
				44662432203B2500004331D1 /* DataViz.xcdatamodel */,
			);
			currentVersion = 44662432203B2500004331D1 /* DataViz.xcdatamodel */;
			path = DataViz.xcdatamodeld;
			sourceTree = "<group>";
			versionGroupType = wrapper.xcdatamodel;
		};
/* End XCVersionGroup section */
	};
	rootObject = 4466241F203B2500004331D1 /* Project object */;
}
